
Microsoft Visual Studio Solution File, Format Version 12.00
# Visual Studio Version 16
VisualStudioVersion = 16.0.29613.14
MinimumVisualStudioVersion = 10.0.40219.1
Project("{FAE04EC0-301F-11D3-BF4B-00C04F79EFBC}") = "TrackerLibrary", "TrackerLibrary\TrackerLibrary.csproj", "{395E6111-A8CF-46A2-AF3D-F1B6F1EE7430}"
EndProject
Project("{FAE04EC0-301F-11D3-BF4B-00C04F79EFBC}") = "TrackerUI", "TrackerUI\TrackerUI.csproj", "{37410548-5909-4A94-AC64-1B3A63AD88A2}"
EndProject
Project("{00D1A9C2-B5F0-4AF3-8072-F6C62B433612}") = "TournamentTrackerSQL", "TournamentTrackerSQL\TournamentTrackerSQL.sqlproj", "{3964C7E9-8C2A-4448-BDFA-C198AB6FB111}"
EndProject
Global
	GlobalSection(SolutionConfigurationPlatforms) = preSolution
		Debug|Any CPU = Debug|Any CPU
		Release|Any CPU = Release|Any CPU
	EndGlobalSection
	GlobalSection(ProjectConfigurationPlatforms) = postSolution
		{395E6111-A8CF-46A2-AF3D-F1B6F1EE7430}.Debug|Any CPU.ActiveCfg = Debug|Any CPU
		{395E6111-A8CF-46A2-AF3D-F1B6F1EE7430}.Debug|Any CPU.Build.0 = Debug|Any CPU
		{395E6111-A8CF-46A2-AF3D-F1B6F1EE7430}.Release|Any CPU.ActiveCfg = Release|Any CPU
		{395E6111-A8CF-46A2-AF3D-F1B6F1EE7430}.Release|Any CPU.Build.0 = Release|Any CPU
		{37410548-5909-4A94-AC64-1B3A63AD88A2}.Debug|Any CPU.ActiveCfg = Debug|Any CPU
		{37410548-5909-4A94-AC64-1B3A63AD88A2}.Debug|Any CPU.Build.0 = Debug|Any CPU
		{37410548-5909-4A94-AC64-1B3A63AD88A2}.Release|Any CPU.ActiveCfg = Release|Any CPU
		{37410548-5909-4A94-AC64-1B3A63AD88A2}.Release|Any CPU.Build.0 = Release|Any CPU
		{3964C7E9-8C2A-4448-BDFA-C198AB6FB111}.Debug|Any CPU.ActiveCfg = Debug|Any CPU
		{3964C7E9-8C2A-4448-BDFA-C198AB6FB111}.Debug|Any CPU.Build.0 = Debug|Any CPU
		{3964C7E9-8C2A-4448-BDFA-C198AB6FB111}.Debug|Any CPU.Deploy.0 = Debug|Any CPU
		{3964C7E9-8C2A-4448-BDFA-C198AB6FB111}.Release|Any CPU.ActiveCfg = Release|Any CPU
		{3964C7E9-8C2A-4448-BDFA-C198AB6FB111}.Release|Any CPU.Build.0 = Release|Any CPU
		{3964C7E9-8C2A-4448-BDFA-C198AB6FB111}.Release|Any CPU.Deploy.0 = Release|Any CPU
	EndGlobalSection
	GlobalSection(SolutionProperties) = preSolution
		HideSolutionNode = FALSE
	EndGlobalSection
	GlobalSection(ExtensibilityGlobals) = postSolution
		SolutionGuid = {CA1EFD14-79C7-490C-9C62-BFAE460CD27C}
	EndGlobalSection
EndGlobal
